{
  "name": "gify-r",
  "version": "1.0.0",
  "lockfileVersion": 1,
  "requires": true,
  "dependencies": {
    "@giphy/js-fetch-api": {
      "version": "1.6.0",
      "resolved": "https://registry.npmjs.org/@giphy/js-fetch-api/-/js-fetch-api-1.6.0.tgz",
      "integrity": "sha512-RCCPiQHDJwgpMAFQLt44TlxqV+a6OSXoSHkvZ6S04IXM995JL9fxY6WIrCbPmQQdyQNLf6eGxWQw4rqYmqw5EQ==",
      "requires": {
        "@giphy/js-types": "^2.0.2",
        "@giphy/js-util": "^1.9.1",
        "cookie": "0.4.0",
        "qs": "^6.7.0"
      }
    },
    "@giphy/js-types": {
      "version": "2.0.2",
      "resolved": "https://registry.npmjs.org/@giphy/js-types/-/js-types-2.0.2.tgz",
      "integrity": "sha512-wPKdGoiAWtA7UoFGeae0y/Z5YSQPbWr8C5K4CUumNtA78sh0SWFvrhMq4OWmGJGAOTcMybsXXIclKp1bvwM1PA=="
    },
    "@giphy/js-util": {
      "version": "1.9.1",
      "resolved": "https://registry.npmjs.org/@giphy/js-util/-/js-util-1.9.1.tgz",
      "integrity": "sha512-DdqWa1m3lZSDowlR/0vKFIRWMF1C/e3GhbXWUoXr1HDUZi6SFLE0ZQBT8HA3WbSnz9sRTU39J2R1yNta1rogBQ==",
      "requires": {
        "@giphy/js-types": "^2.0.2",
        "dompurify": "^2.0.8"
      }
    },
    "call-bind": {
      "version": "1.0.2",
      "resolved": "https://registry.npmjs.org/call-bind/-/call-bind-1.0.2.tgz",
      "integrity": "sha512-7O+FbCihrB5WGbFYesctwmTKae6rOiIzmz1icreWJ+0aA7LJfuqhEso2T9ncpcFtzMQtzXf2QGGueWJGTYsqrA==",
      "requires": {
        "function-bind": "^1.1.1",
        "get-intrinsic": "^1.0.2"
      }
    },
    "cookie": {
      "version": "0.4.0",
      "resolved": "https://registry.npmjs.org/cookie/-/cookie-0.4.0.tgz",
      "integrity": "sha512-+Hp8fLp57wnUSt0tY0tHEXh4voZRDnoIrZPqlo3DPiI4y9lwg/jqx+1Om94/W6ZaPDOUbnjOt/99w66zk+l1Xg=="
    },
    "dompurify": {
      "version": "2.0.12",
      "resolved": "https://registry.npmjs.org/dompurify/-/dompurify-2.0.12.tgz",
      "integrity": "sha512-Fl8KseK1imyhErHypFPA8qpq9gPzlsJ/EukA6yk9o0gX23p1TzC+rh9LqNg1qvErRTc0UNMYlKxEGSfSh43NDg=="
    },
    "function-bind": {
      "version": "1.1.1",
      "resolved": "https://registry.npmjs.org/function-bind/-/function-bind-1.1.1.tgz",
      "integrity": "sha512-yIovAzMX49sF8Yl58fSCWJ5svSLuaibPxXQJFLmBObTuCr0Mf1KiPopGM9NiFjiYBCbfaa2Fh6breQ6ANVTI0A=="
    },
    "get-intrinsic": {
      "version": "1.1.3",
      "resolved": "https://registry.npmjs.org/get-intrinsic/-/get-intrinsic-1.1.3.tgz",
      "integrity": "sha512-QJVz1Tj7MS099PevUG5jvnt9tSkXN8K14dxQlikJuPt4uD9hHAHjLyLBiLR5zELelBdD9QNRAXZzsJx0WaDL9A==",
      "requires": {
        "function-bind": "^1.1.1",
        "has": "^1.0.3",
        "has-symbols": "^1.0.3"
      }
    },
    "has": {
      "version": "1.0.3",
      "resolved": "https://registry.npmjs.org/has/-/has-1.0.3.tgz",
      "integrity": "sha512-f2dvO0VU6Oej7RkWJGrehjbzMAjFp5/VKPp5tTpWIV4JHHZK1/BxbFRtf/siA2SWTe09caDmVtYYzWEIbBS4zw==",
      "requires": {
        "function-bind": "^1.1.1"
      }
    },
    "has-symbols": {
      "version": "1.0.3",
      "resolved": "https://registry.npmjs.org/has-symbols/-/has-symbols-1.0.3.tgz",
      "integrity": "sha512-l3LCuF6MgDNwTDKkdYGEihYjt5pRPbEg46rtlmnSPlUbgmB8LOIrKJbYYFBSbnPaJexMKtiPO8hmeRjRz2Td+A=="
    },
    "object-inspect": {
      "version": "1.12.2",
      "resolved": "https://registry.npmjs.org/object-inspect/-/object-inspect-1.12.2.tgz",
      "integrity": "sha512-z+cPxW0QGUp0mcqcsgQyLVRDoXFQbXOwBaqyF7VIgI4TWNQsDHrBpUQslRmIfAoYWdYzs6UlKJtB2XJpTaNSpQ=="
    },
    "qs": {
      "version": "6.11.0",
      "resolved": "https://registry.npmjs.org/qs/-/qs-6.11.0.tgz",
      "integrity": "sha512-MvjoMCJwEarSbUYk5O+nmoSzSutSsTwF85zcHPQ9OrlFoZOYIjaqBAJIqIXjptyD5vThxGq52Xu/MaJzRkIk4Q==",
      "requires": {
        "side-channel": "^1.0.4"
      }
    },
    "side-channel": {
      "version": "1.0.4",
      "resolved": "https://registry.npmjs.org/side-channel/-/side-channel-1.0.4.tgz",
      "integrity": "sha512-q5XPytqFEIKHkGdiMIrY10mvLRvnQh42/+GoBlFW3b2LXLE2xxJpZFdm94we0BaoV3RwJyGqg5wS7epxTv0Zvw==",
      "requires": {
        "call-bind": "^1.0.0",
        "get-intrinsic": "^1.0.2",
        "object-inspect": "^1.9.0"
      }
    }
  }
}
