{
  "name": "gify-r",
  "version": "1.0.0",
  "lockfileVersion": 1,
  "requires": true,
  "dependencies": {
    "@giphy/js-fetch-api": {
      "version": "1.6.0",
      "resolved": "https://registry.npmjs.org/@giphy/js-fetch-api/-/js-fetch-api-1.6.0.tgz",
      "integrity": "sha512-RCCPiQHDJwgpMAFQLt44TlxqV+a6OSXoSHkvZ6S04IXM995JL9fxY6WIrCbPmQQdyQNLf6eGxWQw4rqYmqw5EQ==",
      "requires": {
        "@giphy/js-types": "^2.0.2",
        "@giphy/js-util": "^1.9.1",
        "cookie": "0.4.0",
        "qs": "^6.7.0"
      }
    },
    "@giphy/js-types": {
      "version": "2.0.2",
      "resolved": "https://registry.npmjs.org/@giphy/js-types/-/js-types-2.0.2.tgz",
      "integrity": "sha512-wPKdGoiAWtA7UoFGeae0y/Z5YSQPbWr8C5K4CUumNtA78sh0SWFvrhMq4OWmGJGAOTcMybsXXIclKp1bvwM1PA=="
    },
    "@giphy/js-util": {
      "version": "1.9.1",
      "resolved": "https://registry.npmjs.org/@giphy/js-util/-/js-util-1.9.1.tgz",
      "integrity": "sha512-DdqWa1m3lZSDowlR/0vKFIRWMF1C/e3GhbXWUoXr1HDUZi6SFLE0ZQBT8HA3WbSnz9sRTU39J2R1yNta1rogBQ==",
      "requires": {
        "@giphy/js-types": "^2.0.2",
        "dompurify": "^2.0.8"
      }
    },
    "cookie": {
      "version": "0.4.0",
      "resolved": "https://registry.npmjs.org/cookie/-/cookie-0.4.0.tgz",
      "integrity": "sha512-+Hp8fLp57wnUSt0tY0tHEXh4voZRDnoIrZPqlo3DPiI4y9lwg/jqx+1Om94/W6ZaPDOUbnjOt/99w66zk+l1Xg=="
    },
    "dompurify": {
      "version": "2.2.6",
      "resolved": "https://registry.npmjs.org/dompurify/-/dompurify-2.2.6.tgz",
      "integrity": "sha512-7b7ZArhhH0SP6W2R9cqK6RjaU82FZ2UPM7RO8qN1b1wyvC/NY1FNWcX1Pu00fFOAnzEORtwXe4bPaClg6pUybQ=="
    },
    "qs": {
      "version": "6.9.4",
      "resolved": "https://registry.npmjs.org/qs/-/qs-6.9.4.tgz",
      "integrity": "sha512-A1kFqHekCTM7cz0udomYUoYNWjBebHm/5wzU/XqrBRBNWectVH0QIiN+NEcZ0Dte5hvzHwbr8+XQmguPhJ6WdQ=="
    }
  }
}
